
Microsoft Visual Studio Solution File, Format Version 12.00
# Visual Studio Version 16
VisualStudioVersion = 16.0.31729.503
MinimumVisualStudioVersion = 10.0.40219.1
Project("{FAE04EC0-301F-11D3-BF4B-00C04F79EFBC}") = "ZooStore", "ZooStore\ZooStore.csproj", "{5C5702CA-6BD5-4AAA-BE09-4F3A879B9EC5}"
EndProject
Global
	GlobalSection(SolutionConfigurationPlatforms) = preSolution
		Debug|Any CPU = Debug|Any CPU
		Release|Any CPU = Release|Any CPU
	EndGlobalSection
	GlobalSection(ProjectConfigurationPlatforms) = postSolution
		{5C5702CA-6BD5-4AAA-BE09-4F3A879B9EC5}.Debug|Any CPU.ActiveCfg = Debug|Any CPU
		{5C5702CA-6BD5-4AAA-BE09-4F3A879B9EC5}.Debug|Any CPU.Build.0 = Debug|Any CPU
		{5C5702CA-6BD5-4AAA-BE09-4F3A879B9EC5}.Release|Any CPU.ActiveCfg = Release|Any CPU
		{5C5702CA-6BD5-4AAA-BE09-4F3A879B9EC5}.Release|Any CPU.Build.0 = Release|Any CPU
	EndGlobalSection
	GlobalSection(SolutionProperties) = preSolution
		HideSolutionNode = FALSE
	EndGlobalSection
	GlobalSection(ExtensibilityGlobals) = postSolution
		SolutionGuid = {7BCC3126-87B6-49B6-8150-C794F9D59FDE}
	EndGlobalSection
EndGlobal
